
Microsoft Visual Studio Solution File, Format Version 12.00
# Visual Studio Version 17
VisualStudioVersion = 17.2.32616.157
MinimumVisualStudioVersion = 10.0.40219.1
Project("{9A19103F-16F7-4668-BE54-9A1E7A4F7556}") = "WebAPI3D", "WebAPI3D\WebAPI3D.csproj", "{379F7462-E855-4366-A653-E439C990BF7A}"
EndProject
Project("{FAE04EC0-301F-11D3-BF4B-00C04F79EFBC}") = "WebApp", "WebApp\WebApp.csproj", "{80CD23B9-CB84-4069-8515-A16ADCB5E51C}"
EndProject
Global
	GlobalSection(SolutionConfigurationPlatforms) = preSolution
		Debug|Any CPU = Debug|Any CPU
		Release|Any CPU = Release|Any CPU
	EndGlobalSection
	GlobalSection(ProjectConfigurationPlatforms) = postSolution
		{379F7462-E855-4366-A653-E439C990BF7A}.Debug|Any CPU.ActiveCfg = Debug|Any CPU
		{379F7462-E855-4366-A653-E439C990BF7A}.Debug|Any CPU.Build.0 = Debug|Any CPU
		{379F7462-E855-4366-A653-E439C990BF7A}.Release|Any CPU.ActiveCfg = Release|Any CPU
		{379F7462-E855-4366-A653-E439C990BF7A}.Release|Any CPU.Build.0 = Release|Any CPU
		{80CD23B9-CB84-4069-8515-A16ADCB5E51C}.Debug|Any CPU.ActiveCfg = Debug|Any CPU
		{80CD23B9-CB84-4069-8515-A16ADCB5E51C}.Debug|Any CPU.Build.0 = Debug|Any CPU
		{80CD23B9-CB84-4069-8515-A16ADCB5E51C}.Release|Any CPU.ActiveCfg = Release|Any CPU
		{80CD23B9-CB84-4069-8515-A16ADCB5E51C}.Release|Any CPU.Build.0 = Release|Any CPU
	EndGlobalSection
	GlobalSection(SolutionProperties) = preSolution
		HideSolutionNode = FALSE
	EndGlobalSection
	GlobalSection(ExtensibilityGlobals) = postSolution
		SolutionGuid = {CC6F230F-4100-4D72-9877-17BB4C701615}
	EndGlobalSection
EndGlobal
